{
  "name": "client",
  "version": "1.0.0",
  "lockfileVersion": 1,
  "requires": true,
  "dependencies": {
    "systemjs": {
      "version": "0.20.12",
      "resolved": "https://registry.npmjs.org/systemjs/-/systemjs-0.20.12.tgz",
      "integrity": "sha1-E1zEcSgESEUzR4Keu5Y5oJpn8QE="
    }
  }
}
